
Microsoft Visual Studio Solution File, Format Version 12.00
# Visual Studio Version 16
VisualStudioVersion = 16.0.30114.105
MinimumVisualStudioVersion = 10.0.40219.1
Project("{FAE04EC0-301F-11D3-BF4B-00C04F79EFBC}") = "service-bus-publisher", "service-bus-publisher\service-bus-publisher.csproj", "{F6B6783A-0B55-4116-9AB6-3701B8B11E8C}"
EndProject
Project("{FAE04EC0-301F-11D3-BF4B-00C04F79EFBC}") = "service-bus-queues-processor", "service-bus-queues-processor\service-bus-queues-processor.csproj", "{11827943-C4C3-4D65-A6ED-83330879163B}"
EndProject
Global
	GlobalSection(SolutionConfigurationPlatforms) = preSolution
		Debug|Any CPU = Debug|Any CPU
		Release|Any CPU = Release|Any CPU
	EndGlobalSection
	GlobalSection(SolutionProperties) = preSolution
		HideSolutionNode = FALSE
	EndGlobalSection
	GlobalSection(ProjectConfigurationPlatforms) = postSolution
		{F6B6783A-0B55-4116-9AB6-3701B8B11E8C}.Debug|Any CPU.ActiveCfg = Debug|Any CPU
		{F6B6783A-0B55-4116-9AB6-3701B8B11E8C}.Debug|Any CPU.Build.0 = Debug|Any CPU
		{F6B6783A-0B55-4116-9AB6-3701B8B11E8C}.Release|Any CPU.ActiveCfg = Release|Any CPU
		{F6B6783A-0B55-4116-9AB6-3701B8B11E8C}.Release|Any CPU.Build.0 = Release|Any CPU
		{11827943-C4C3-4D65-A6ED-83330879163B}.Debug|Any CPU.ActiveCfg = Debug|Any CPU
		{11827943-C4C3-4D65-A6ED-83330879163B}.Debug|Any CPU.Build.0 = Debug|Any CPU
		{11827943-C4C3-4D65-A6ED-83330879163B}.Release|Any CPU.ActiveCfg = Release|Any CPU
		{11827943-C4C3-4D65-A6ED-83330879163B}.Release|Any CPU.Build.0 = Release|Any CPU
	EndGlobalSection
EndGlobal
